
Microsoft Visual Studio Solution File, Format Version 12.00
# Visual Studio Version 17
VisualStudioVersion = 17.0.31903.59
MinimumVisualStudioVersion = 10.0.40219.1
Project("{FAE04EC0-301F-11D3-BF4B-00C04F79EFBC}") = "Wektor", "Wektor\Wektor.csproj", "{4D5E5DEE-62EC-4810-BBA4-C199BC600000}"
EndProject
Project("{FAE04EC0-301F-11D3-BF4B-00C04F79EFBC}") = "Tester", "Tester\Tester.csproj", "{99F9F3FC-303E-4FD2-AA87-ABC935BB0156}"
EndProject
Global
	GlobalSection(SolutionConfigurationPlatforms) = preSolution
		Debug|Any CPU = Debug|Any CPU
		Release|Any CPU = Release|Any CPU
	EndGlobalSection
	GlobalSection(SolutionProperties) = preSolution
		HideSolutionNode = FALSE
	EndGlobalSection
	GlobalSection(ProjectConfigurationPlatforms) = postSolution
		{4D5E5DEE-62EC-4810-BBA4-C199BC600000}.Debug|Any CPU.ActiveCfg = Debug|Any CPU
		{4D5E5DEE-62EC-4810-BBA4-C199BC600000}.Debug|Any CPU.Build.0 = Debug|Any CPU
		{4D5E5DEE-62EC-4810-BBA4-C199BC600000}.Release|Any CPU.ActiveCfg = Release|Any CPU
		{4D5E5DEE-62EC-4810-BBA4-C199BC600000}.Release|Any CPU.Build.0 = Release|Any CPU
		{99F9F3FC-303E-4FD2-AA87-ABC935BB0156}.Debug|Any CPU.ActiveCfg = Debug|Any CPU
		{99F9F3FC-303E-4FD2-AA87-ABC935BB0156}.Debug|Any CPU.Build.0 = Debug|Any CPU
		{99F9F3FC-303E-4FD2-AA87-ABC935BB0156}.Release|Any CPU.ActiveCfg = Release|Any CPU
		{99F9F3FC-303E-4FD2-AA87-ABC935BB0156}.Release|Any CPU.Build.0 = Release|Any CPU
	EndGlobalSection
EndGlobal
